{
  "name": "flo-mat-test",
  "version": "0.0.1",
  "lockfileVersion": 1,
  "requires": true,
  "dependencies": {
    "flo-bezier3": {
      "version": "0.1.1",
      "resolved": "https://registry.npmjs.org/flo-bezier3/-/flo-bezier3-0.1.1.tgz",
      "integrity": "sha512-PFfqkoT0uGie8ZxhyrIaXJjkIAIthfvGpFClM3XM1+fCo/cyOncVgZqkUXV5ezvsPQ7PBrXJz2ANjzhaP3NFaw==",
      "requires": {
        "flo-gauss-quadrature": "*",
        "flo-graham-scan": "*",
        "flo-memoize": "*",
        "flo-poly": "*",
        "flo-vector2d": "*"
      }
    },
    "flo-gauss-quadrature": {
      "version": "0.0.7",
      "resolved": "https://registry.npmjs.org/flo-gauss-quadrature/-/flo-gauss-quadrature-0.0.7.tgz",
      "integrity": "sha512-Zm4Nwd/BDZcjHNP588zb/jRoHSPK6kcuplzjiIIPtf3VKrWyGzcOwWOlmpKRtn3DTcxOsTGfVOlia6cPwLdlgQ=="
    },
    "flo-graham-scan": {
      "version": "0.2.0",
      "resolved": "https://registry.npmjs.org/flo-graham-scan/-/flo-graham-scan-0.2.0.tgz",
      "integrity": "sha512-fwFOqSSHsf1KrBDxBIQnDmW+/q7nPmHrJckdtajCboiiNzUWB3edgUfkK/in0Qh0WQT71Nq9IlTo4YWHzJrfFw==",
      "requires": {
        "flo-vector2d": "*"
      }
    },
    "flo-lines-intersections": {
      "version": "0.2.0",
      "resolved": "https://registry.npmjs.org/flo-lines-intersections/-/flo-lines-intersections-0.2.0.tgz",
      "integrity": "sha512-IHWsiFMNitfz5QFmwXw3uE+6Wz2opq9xR2OpNl2cUhoq6fBQuL7mjD3DqMvuGW1yqr/QOjY8Qdm7C+LsDvxy3A=="
    },
    "flo-ll-rb-tree": {
      "version": "0.1.0",
      "resolved": "https://registry.npmjs.org/flo-ll-rb-tree/-/flo-ll-rb-tree-0.1.0.tgz",
      "integrity": "sha512-QPeWfHzWBhs04ZuRsssa+PVgBwTfYB8F9YlyfcMpW6R946nRP4UePZ+kypPpiNVRh3cXo+imzJTyhIA875OV9g=="
    },
    "flo-mat": {
      "version": "0.1.4",
      "resolved": "https://registry.npmjs.org/flo-mat/-/flo-mat-0.1.4.tgz",
      "integrity": "sha512-7toAX9y0kDE59f8Q5pmrwKpzf6dso8wrtlxlNut/YmJlKx526lc2LagKZwZpIKN4IDkPXBN8GdulmaH1rriY/w==",
      "requires": {
        "flo-bezier3": "*",
        "flo-lines-intersections": "*",
        "flo-ll-rb-tree": "*",
        "flo-poly": "*",
        "flo-vector2d": "*"
      }
    },
    "flo-memoize": {
      "version": "0.0.4",
      "resolved": "https://registry.npmjs.org/flo-memoize/-/flo-memoize-0.0.4.tgz",
      "integrity": "sha512-snB1myyRSDilCYtJK/n2fpWK2cXLE5MaeBZ1+TApk0CBDwwOZpfoivaNzQTkjPqJ6oqkQTfydf1GglNvxxdBvg=="
    },
    "flo-poly": {
      "version": "2.0.1",
      "resolved": "https://registry.npmjs.org/flo-poly/-/flo-poly-2.0.1.tgz",
      "integrity": "sha512-zDfb/1v6FMr9FPghHDEtjYJ2h+wFs01eWrS9zZYe7Ki2+dwAl7Jt4fzNcfhFifmWpxk+EQ36mTQGEGZl4fS+ug=="
    },
    "flo-vector2d": {
      "version": "0.0.3",
      "resolved": "https://registry.npmjs.org/flo-vector2d/-/flo-vector2d-0.0.3.tgz",
      "integrity": "sha512-aoYU9sQ8XVKXQp+s/R66uY72Ttqo/reNIv3779ll9abH/uqNP3p5xbMiDisBD4OZLnA8hapkJDTkugizKgeR4w=="
    }
  }
}
